
Microsoft Visual Studio Solution File, Format Version 12.00
Project("{FAE04EC0-301F-11D3-BF4B-00C04F79EFBC}") = "PokemonReviewSystem", "PokemonReviewSystem\PokemonReviewSystem.csproj", "{F1FFEF18-DC89-4C16-8165-FD81D45AEC15}"
EndProject
Global
	GlobalSection(SolutionConfigurationPlatforms) = preSolution
		Debug|Any CPU = Debug|Any CPU
		Release|Any CPU = Release|Any CPU
	EndGlobalSection
	GlobalSection(ProjectConfigurationPlatforms) = postSolution
		{F1FFEF18-DC89-4C16-8165-FD81D45AEC15}.Debug|Any CPU.ActiveCfg = Debug|Any CPU
		{F1FFEF18-DC89-4C16-8165-FD81D45AEC15}.Debug|Any CPU.Build.0 = Debug|Any CPU
		{F1FFEF18-DC89-4C16-8165-FD81D45AEC15}.Release|Any CPU.ActiveCfg = Release|Any CPU
		{F1FFEF18-DC89-4C16-8165-FD81D45AEC15}.Release|Any CPU.Build.0 = Release|Any CPU
	EndGlobalSection
EndGlobal
